
Microsoft Visual Studio Solution File, Format Version 12.00
# Visual Studio Version 17
VisualStudioVersion = 17.0.32014.148
MinimumVisualStudioVersion = 10.0.40219.1
Project("{FAE04EC0-301F-11D3-BF4B-00C04F79EFBC}") = "Services", "Services\Services.csproj", "{A512F83C-0353-48D5-ACEF-07087B4B3066}"
EndProject
Project("{FAE04EC0-301F-11D3-BF4B-00C04F79EFBC}") = "UnitTests", "UnitTests\UnitTests.csproj", "{E057813A-00A1-4F18-AEC6-6514CE5EC5E3}"
EndProject
Project("{FAE04EC0-301F-11D3-BF4B-00C04F79EFBC}") = "Clocking", "Clocking\Clocking.csproj", "{72FE84A1-2949-452F-8BDA-0AF3C82AE9FC}"
EndProject
Global
	GlobalSection(SolutionConfigurationPlatforms) = preSolution
		Debug|Any CPU = Debug|Any CPU
		Release|Any CPU = Release|Any CPU
	EndGlobalSection
	GlobalSection(ProjectConfigurationPlatforms) = postSolution
		{A512F83C-0353-48D5-ACEF-07087B4B3066}.Debug|Any CPU.ActiveCfg = Debug|Any CPU
		{A512F83C-0353-48D5-ACEF-07087B4B3066}.Debug|Any CPU.Build.0 = Debug|Any CPU
		{A512F83C-0353-48D5-ACEF-07087B4B3066}.Release|Any CPU.ActiveCfg = Release|Any CPU
		{A512F83C-0353-48D5-ACEF-07087B4B3066}.Release|Any CPU.Build.0 = Release|Any CPU
		{E057813A-00A1-4F18-AEC6-6514CE5EC5E3}.Debug|Any CPU.ActiveCfg = Debug|Any CPU
		{E057813A-00A1-4F18-AEC6-6514CE5EC5E3}.Debug|Any CPU.Build.0 = Debug|Any CPU
		{E057813A-00A1-4F18-AEC6-6514CE5EC5E3}.Release|Any CPU.ActiveCfg = Release|Any CPU
		{E057813A-00A1-4F18-AEC6-6514CE5EC5E3}.Release|Any CPU.Build.0 = Release|Any CPU
		{72FE84A1-2949-452F-8BDA-0AF3C82AE9FC}.Debug|Any CPU.ActiveCfg = Debug|Any CPU
		{72FE84A1-2949-452F-8BDA-0AF3C82AE9FC}.Debug|Any CPU.Build.0 = Debug|Any CPU
		{72FE84A1-2949-452F-8BDA-0AF3C82AE9FC}.Release|Any CPU.ActiveCfg = Release|Any CPU
		{72FE84A1-2949-452F-8BDA-0AF3C82AE9FC}.Release|Any CPU.Build.0 = Release|Any CPU
	EndGlobalSection
	GlobalSection(SolutionProperties) = preSolution
		HideSolutionNode = FALSE
	EndGlobalSection
	GlobalSection(ExtensibilityGlobals) = postSolution
		SolutionGuid = {30860B8E-D608-4001-9361-07CEB53D5FDA}
	EndGlobalSection
EndGlobal
